[[package]]
category = "main"
description = "Screen-scraping library"
name = "beautifulsoup4"
optional = false
platform = "UNKNOWN"
python-versions = "*"
version = "4.6.0"

[[package]]
category = "main"
description = "Dummy package for Beautiful Soup"
name = "bs4"
optional = false
platform = "*"
python-versions = "*"
version = "0.0.1"

[package.dependencies]
beautifulsoup4 = "*"

[[package]]
category = "main"
description = "Python package for providing Mozilla's CA Bundle."
name = "certifi"
optional = false
platform = "*"
python-versions = "*"
version = "2018.4.16"

[[package]]
category = "main"
description = "Universal encoding detector for Python 2 and 3"
name = "chardet"
optional = false
platform = "*"
python-versions = "*"
version = "3.0.4"

[[package]]
category = "main"
description = "A simple wrapper around optparse for powerful command line utilities."
name = "click"
optional = false
platform = "*"
python-versions = "*"
version = "6.7"

[[package]]
category = "main"
description = "A simple framework for building complex web applications."
name = "flask"
optional = false
platform = "any"
python-versions = "*"
version = "1.0.2"

[package.dependencies]
Jinja2 = ">=2.10"
Werkzeug = ">=0.14"
click = ">=5.1"
itsdangerous = ">=0.24"

[[package]]
category = "main"
description = "gTTS (Google Text-to-Speech), a Python library and CLI tool to interface with Google Translate's text-to-speech API"
name = "gtts"
optional = false
platform = "*"
python-versions = ">=2.7"
version = "2.0.1"

[package.dependencies]
bs4 = "*"
click = "*"
gtts_token = "*"
requests = "*"
six = "*"

[[package]]
category = "main"
description = "Calculates a token to run the Google Translate text to speech"
name = "gtts-token"
optional = false
platform = "UNKNOWN"
python-versions = "*"
version = "1.1.1"

[[package]]
category = "main"
description = "Internationalized Domain Names in Applications (IDNA)"
name = "idna"
optional = false
platform = "*"
python-versions = "*"
version = "2.7"

[[package]]
category = "main"
description = "Various helpers to pass trusted data to untrusted environments and back."
name = "itsdangerous"
optional = false
platform = "UNKNOWN"
python-versions = "*"
version = "0.24"

[[package]]
category = "main"
description = "Chinese Words Segementation Utilities"
name = "jieba"
optional = false
platform = "*"
python-versions = "*"
version = "0.39"

[[package]]
category = "main"
description = "A small but fast and easy to use stand-alone template engine written in pure python."
name = "jinja2"
optional = false
platform = "*"
python-versions = "*"
version = "2.10"

[package.dependencies]
MarkupSafe = ">=0.23"

[[package]]
category = "main"
description = "Labels and compares human languages in a standardized way"
name = "langcodes"
optional = false
platform = "any"
python-versions = "*"
version = "1.4.1"

[package.dependencies]
marisa-trie = "*"

[[package]]
category = "main"
description = "Static memory-efficient and fast Trie-like structures for Python."
name = "marisa-trie"
optional = false
platform = "*"
python-versions = ">=2.7, !=3.0.*, !=3.1.*, !=3.2.*, !=3.3.*"
version = "0.7.5"

[[package]]
category = "main"
description = "Implements a XML/HTML/XHTML Markup safe string for Python"
name = "markupsafe"
optional = false
platform = "UNKNOWN"
python-versions = "*"
version = "1.0"

[[package]]
category = "main"
description = "MessagePack (de)serializer."
name = "msgpack"
optional = false
platform = "*"
python-versions = "*"
version = "0.5.6"

[[package]]
category = "main"
description = "Alternative regular expression module, to replace re."
name = "regex"
optional = false
platform = "*"
python-versions = "*"
version = "2018.02.21"

[[package]]
category = "main"
description = "Python HTTP for Humans."
name = "requests"
optional = false
platform = "*"
python-versions = ">=2.6, !=3.0.*, !=3.1.*, !=3.2.*, !=3.3.*"
version = "2.19.1"

[package.dependencies]
certifi = ">=2017.4.17"
chardet = ">=3.0.2,<3.1.0"
idna = ">=2.5,<2.8"
urllib3 = ">=1.21.1,<1.24"

[[package]]
category = "main"
description = "Python 2 and 3 compatibility utilities"
name = "six"
optional = false
platform = "*"
python-versions = "*"
version = "1.11.0"

[[package]]
category = "main"
description = "HTTP library with thread-safe connection pooling, file post, and more."
name = "urllib3"
optional = false
platform = "*"
python-versions = ">=2.6, !=3.0.*, !=3.1.*, !=3.2.*, !=3.3.*, <4"
version = "1.23"

[[package]]
category = "main"
description = "The comprehensive WSGI web application library."
name = "werkzeug"
optional = false
platform = "any"
python-versions = "*"
version = "0.14.1"

[[package]]
category = "main"
description = "wordfreq is a Python library for looking up the frequencies of words in many"
name = "wordfreq"
optional = false
platform = "any"
python-versions = ">=3.3"
version = "2.1.0"

[package.dependencies]
langcodes = ">=1.4.1"
msgpack = "*"
regex = "2018.02.21"

[metadata]
content-hash = "4fe9e28398cd4e45c6a54fa96115616c6b80661effdf4c8526ead661846787da"
platform = "*"
python-versions = ">=3"

[metadata.hashes]
beautifulsoup4 = ["11a9a27b7d3bddc6d86f59fb76afb70e921a25ac2d6cc55b40d072bd68435a76", "7015e76bf32f1f574636c4288399a6de66ce08fb7b2457f628a8d70c0fbabb11", "808b6ac932dccb0a4126558f7dfdcf41710dd44a4ef497a0bb59a77f9f078e89"]
bs4 = ["36ecea1fd7cc5c0c6e4a1ff075df26d50da647b75376626cc186e2212886dd3a"]
certifi = ["13e698f54293db9f89122b0581843a782ad0934a4fe0172d2a980ba77fc61bb7", "9fa520c1bacfb634fa7af20a76bcbd3d5fb390481724c597da32c719a7dca4b0"]
chardet = ["84ab92ed1c4d4f16916e05906b6b75a6c0fb5db821cc65e70cbd64a3e2a5eaae", "fc323ffcaeaed0e0a02bf4d117757b98aed530d9ed4531e3e15460124c106691"]
click = ["29f99fc6125fbc931b758dc053b3114e55c77a6e4c6c3a2674a2dc986016381d", "f15516df478d5a56180fbf80e68f206010e6d160fc39fa508b65e035fd75130b"]
flask = ["2271c0070dbcb5275fad4a82e29f23ab92682dc45f9dfbc22c02ba9b9322ce48", "a080b744b7e345ccfcbc77954861cb05b3c63786e93f2b3875e0913d44b43f05"]
gtts = ["c85ca77ad71181209068d7437275bd35182f38cfef5a2dd7b8fcd4ba1b78ec1a"]
gtts-token = ["74badf3ba37773d8ba4a462a09b64de76a0ebd4015d667a6fdb041c2219283ef"]
idna = ["156a6814fb5ac1fc6850fb002e0852d56c0c8d2531923a51032d1b70760e186e", "684a38a6f903c1d71d6d5fac066b58d7768af4de2b832e426ec79c30daa94a16"]
itsdangerous = ["cbb3fcf8d3e33df861709ecaf89d9e6629cff0a217bc2848f1b41cd30d360519"]
jieba = ["de385e48582a4862e55a9167334d0fbe91d479026e5dac40e59e22c08b8e883e"]
jinja2 = ["74c935a1b8bb9a3947c50a54766a969d4846290e1e788ea44c1392163723c3bd", "f84be1bb0040caca4cea721fcbbbbd61f9be9464ca236387158b0feea01914a4"]
langcodes = ["22cff103b6c0f3c9907d9a51c2d634177a50a189672ad16d959a3e2cd48eadab"]
marisa-trie = ["4419abb6b603c97e863fad994abe57ed247fb12491f4bbacb2d762bd2e8958b6", "c73bc25d868e8c4ea7aa7f1e19892db07bba2463351269b05340ccfa06eb2baf"]
markupsafe = ["a6be69091dac236ea9c6bc7d012beab42010fa914c459791d627dad4910eb665"]
msgpack = ["0b3b1773d2693c70598585a34ca2715873ba899565f0a7c9a1545baef7e7fbdc", "0bae5d1538c5c6a75642f75a1781f3ac2275d744a92af1a453c150da3446138b", "0ee8c8c85aa651be3aa0cd005b5931769eaa658c948ce79428766f1bd46ae2c3", "1369f9edba9500c7a6489b70fdfac773e925342f4531f1e3d4c20ac3173b1ae0", "22d9c929d1d539f37da3d1b0e16270fa9d46107beab8c0d4d2bddffffe895cee", "2ff43e3247a1e11d544017bb26f580a68306cec7a6257d8818893c1fda665f42", "31a98047355d34d047fcdb55b09cb19f633cf214c705a765bd745456c142130c", "8767eb0032732c3a0da92cbec5ac186ef89a3258c6edca09161472ca0206c45f", "8acc8910218555044e23826980b950e96685dc48124a290c86f6f41a296ea172", "ab189a6365be1860a5ecf8159c248f12d33f79ea799ae9695fa6a29896dcf1d4", "cfd6535feb0f1cf1c7cdb25773e965cc9f92928244a8c3ef6f8f8a8e1f7ae5c4", "e274cd4480d8c76ec467a85a9c6635bbf2258f0649040560382ab58cabb44bcf", "f86642d60dca13e93260187d56c2bef2487aa4d574a669e8ceefcf9f4c26fd00", "f8a57cbda46a94ed0db55b73e6ab0c15e78b4ede8690fa491a0e55128d552bb0", "fcea97a352416afcbccd7af9625159d80704a25c519c251c734527329bb20d0e"]
regex = ["1b428a296531ea1642a7da48562746309c5c06471a97bd0c02dd6a82e9cecee8", "27d72bb42dffb32516c28d218bb054ce128afd3e18464f30837166346758af67", "32cf4743debee9ea12d3626ee21eae83052763740e04086304e7a74778bf58c9", "32f6408dbca35040bc65f9f4ae1444d5546411fde989cb71443a182dd643305e", "333687d9a44738c486735955993f83bd22061a416c48f5a5f9e765e90cf1b0c9", "35eeccf17af3b017a54d754e160af597036435c58eceae60f1dd1364ae1250c7", "361a1fd703a35580a4714ec28d85e29780081a4c399a99bbfb2aee695d72aedb", "494bed6396a20d3aa6376bdf2d3fbb1005b8f4339558d8ac7b53256755f80303", "5b9c0ddd5b4afa08c9074170a2ea9b34ea296e32aeea522faaaaeeeb2fe0af2e", "a50532f61b23d4ab9d216a6214f359dd05c911c1a1ad20986b6738a782926c1a", "a9243d7b359b72c681a2c32eaa7ace8d346b7e8ce09d172a683acf6853161d9c", "b44624a38d07d3c954c84ad302c29f7930f4bf01443beef5589e9157b14e2a29", "be42a601aaaeb7a317f818490a39d153952a97c40c6e9beeb2a1103616405348", "eee4d94b1a626490fc8170ffd788883f8c641b576e11ba9b4a29c9f6623371e0", "f69d1201a4750f763971ea8364ed95ee888fc128968b39d38883a72a4d005895"]
requests = ["63b52e3c866428a224f97cab011de738c36aec0185aa91cfacd418b5d58911d1", "ec22d826a36ed72a7358ff3fe56cbd4ba69dd7a6718ffd450ff0e9df7a47ce6a"]
six = ["70e8a77beed4562e7f14fe23a786b54f6296e34344c23bc42f07b15018ff98e9", "832dc0e10feb1aa2c68dcc57dbb658f1c7e65b9b61af69048abc87a2db00a0eb"]
urllib3 = ["a68ac5e15e76e7e5dd2b8f94007233e01effe3e50e8daddf69acfd81cb686baf", "b5725a0bd4ba422ab0e66e89e030c806576753ea3ee08554382c14e685d117b5"]
werkzeug = ["c3fd7a7d41976d9f44db327260e263132466836cef6f91512889ed60ad26557c", "d5da73735293558eb1651ee2fddc4d0dedcfa06538b8813a2e20011583c9e49b"]
wordfreq = ["47d51f3b7197eb396009ae3fad910e2661f75ee0e0667710849367dbebc5f042"]
